
Microsoft Visual Studio Solution File, Format Version 12.00
# Visual Studio Version 17
VisualStudioVersion = 17.0.31903.59
MinimumVisualStudioVersion = 10.0.40219.1
Project("{FAE04EC0-301F-11D3-BF4B-00C04F79EFBC}") = "OpenHand", "src\OpenHand\OpenHand.csproj", "{8A534F43-BE1C-4B1F-8974-7809300F14DB}"
EndProject
Project("{FAE04EC0-301F-11D3-BF4B-00C04F79EFBC}") = "OpenHand.StateTests", "tests\OpenHand.StateTests\OpenHand.StateTests.csproj", "{1C7105B8-47A1-4B55-8ED9-97D33AA2CD93}"
EndProject
Global
	GlobalSection(SolutionConfigurationPlatforms) = preSolution
		Debug|Any CPU = Debug|Any CPU
		Release|Any CPU = Release|Any CPU
	EndGlobalSection
	GlobalSection(ProjectConfigurationPlatforms) = postSolution
		{8A534F43-BE1C-4B1F-8974-7809300F14DB}.Debug|Any CPU.ActiveCfg = Debug|Any CPU
		{8A534F43-BE1C-4B1F-8974-7809300F14DB}.Debug|Any CPU.Build.0 = Debug|Any CPU
		{8A534F43-BE1C-4B1F-8974-7809300F14DB}.Release|Any CPU.ActiveCfg = Release|Any CPU
		{8A534F43-BE1C-4B1F-8974-7809300F14DB}.Release|Any CPU.Build.0 = Release|Any CPU
		{1C7105B8-47A1-4B55-8ED9-97D33AA2CD93}.Debug|Any CPU.ActiveCfg = Debug|Any CPU
		{1C7105B8-47A1-4B55-8ED9-97D33AA2CD93}.Debug|Any CPU.Build.0 = Debug|Any CPU
		{1C7105B8-47A1-4B55-8ED9-97D33AA2CD93}.Release|Any CPU.ActiveCfg = Release|Any CPU
		{1C7105B8-47A1-4B55-8ED9-97D33AA2CD93}.Release|Any CPU.Build.0 = Release|Any CPU
	EndGlobalSection
EndGlobal
